{
  "name": "md3-theme-generator",
  "version": "0.0.1",
  "lockfileVersion": 1,
  "requires": true,
  "dependencies": {
    "core-util-is": {
      "version": "1.0.3",
      "resolved": "https://registry.npmmirror.com/core-util-is/-/core-util-is-1.0.3.tgz",
      "integrity": "sha512-ZQBvi1DcpJ4GDqanjucZ2Hj3wEO5pZDS89BWbkcrvdxksJorwUDDZamX9ldFkp9aw2lmBDLgkObEA4DWNJ9FYQ=="
    },
    "esbuild": {
      "version": "0.14.22",
      "resolved": "https://registry.npmmirror.com/esbuild/-/esbuild-0.14.22.tgz",
      "integrity": "sha512-CjFCFGgYtbFOPrwZNJf7wsuzesx8kqwAffOlbYcFDLFuUtP8xloK1GH+Ai13Qr0RZQf9tE7LMTHJ2iVGJ1SKZA==",
      "requires": {
        "esbuild-android-arm64": "0.14.22",
        "esbuild-darwin-64": "0.14.22",
        "esbuild-darwin-arm64": "0.14.22",
        "esbuild-freebsd-64": "0.14.22",
        "esbuild-freebsd-arm64": "0.14.22",
        "esbuild-linux-32": "0.14.22",
        "esbuild-linux-64": "0.14.22",
        "esbuild-linux-arm": "0.14.22",
        "esbuild-linux-arm64": "0.14.22",
        "esbuild-linux-mips64le": "0.14.22",
        "esbuild-linux-ppc64le": "0.14.22",
        "esbuild-linux-riscv64": "0.14.22",
        "esbuild-linux-s390x": "0.14.22",
        "esbuild-netbsd-64": "0.14.22",
        "esbuild-openbsd-64": "0.14.22",
        "esbuild-sunos-64": "0.14.22",
        "esbuild-windows-32": "0.14.22",
        "esbuild-windows-64": "0.14.22",
        "esbuild-windows-arm64": "0.14.22"
      }
    },
    "esbuild-android-arm64": {
      "version": "0.14.22",
      "resolved": "https://registry.npmmirror.com/esbuild-android-arm64/-/esbuild-android-arm64-0.14.22.tgz",
      "integrity": "sha512-k1Uu4uC4UOFgrnTj2zuj75EswFSEBK+H6lT70/DdS4mTAOfs2ECv2I9ZYvr3w0WL0T4YItzJdK7fPNxcPw6YmQ==",
      "optional": true
    },
    "esbuild-darwin-64": {
      "version": "0.14.22",
      "resolved": "https://registry.npmmirror.com/esbuild-darwin-64/-/esbuild-darwin-64-0.14.22.tgz",
      "integrity": "sha512-d8Ceuo6Vw6HM3fW218FB6jTY6O3r2WNcTAU0SGsBkXZ3k8SDoRLd3Nrc//EqzdgYnzDNMNtrWegK2Qsss4THhw==",
      "optional": true
    },
    "esbuild-darwin-arm64": {
      "version": "0.14.22",
      "resolved": "https://registry.npmmirror.com/esbuild-darwin-arm64/-/esbuild-darwin-arm64-0.14.22.tgz",
      "integrity": "sha512-YAt9Tj3SkIUkswuzHxkaNlT9+sg0xvzDvE75LlBo4DI++ogSgSmKNR6B4eUhU5EUUepVXcXdRIdqMq9ppeRqfw==",
      "optional": true
    },
    "esbuild-freebsd-64": {
      "version": "0.14.22",
      "resolved": "https://registry.npmmirror.com/esbuild-freebsd-64/-/esbuild-freebsd-64-0.14.22.tgz",
      "integrity": "sha512-ek1HUv7fkXMy87Qm2G4IRohN+Qux4IcnrDBPZGXNN33KAL0pEJJzdTv0hB/42+DCYWylSrSKxk3KUXfqXOoH4A==",
      "optional": true
    },
    "esbuild-freebsd-arm64": {
      "version": "0.14.22",
      "resolved": "https://registry.npmmirror.com/esbuild-freebsd-arm64/-/esbuild-freebsd-arm64-0.14.22.tgz",
      "integrity": "sha512-zPh9SzjRvr9FwsouNYTqgqFlsMIW07O8mNXulGeQx6O5ApgGUBZBgtzSlBQXkHi18WjrosYfsvp5nzOKiWzkjQ==",
      "optional": true
    },
    "esbuild-linux-32": {
      "version": "0.14.22",
      "resolved": "https://registry.npmmirror.com/esbuild-linux-32/-/esbuild-linux-32-0.14.22.tgz",
      "integrity": "sha512-SnpveoE4nzjb9t2hqCIzzTWBM0RzcCINDMBB67H6OXIuDa4KqFqaIgmTchNA9pJKOVLVIKd5FYxNiJStli21qg==",
      "optional": true
    },
    "esbuild-linux-64": {
      "version": "0.14.22",
      "resolved": "https://registry.npmmirror.com/esbuild-linux-64/-/esbuild-linux-64-0.14.22.tgz",
      "integrity": "sha512-Zcl9Wg7gKhOWWNqAjygyqzB+fJa19glgl2JG7GtuxHyL1uEnWlpSMytTLMqtfbmRykIHdab797IOZeKwk5g0zg==",
      "optional": true
    },
    "esbuild-linux-arm": {
      "version": "0.14.22",
      "resolved": "https://registry.npmmirror.com/esbuild-linux-arm/-/esbuild-linux-arm-0.14.22.tgz",
      "integrity": "sha512-soPDdbpt/C0XvOOK45p4EFt8HbH5g+0uHs5nUKjHVExfgR7du734kEkXR/mE5zmjrlymk5AA79I0VIvj90WZ4g==",
      "optional": true
    },
    "esbuild-linux-arm64": {
      "version": "0.14.22",
      "resolved": "https://registry.npmmirror.com/esbuild-linux-arm64/-/esbuild-linux-arm64-0.14.22.tgz",
      "integrity": "sha512-8q/FRBJtV5IHnQChO3LHh/Jf7KLrxJ/RCTGdBvlVZhBde+dk3/qS9fFsUy+rs3dEi49aAsyVitTwlKw1SUFm+A==",
      "optional": true
    },
    "esbuild-linux-mips64le": {
      "version": "0.14.22",
      "resolved": "https://registry.npmmirror.com/esbuild-linux-mips64le/-/esbuild-linux-mips64le-0.14.22.tgz",
      "integrity": "sha512-SiNDfuRXhGh1JQLLA9JPprBgPVFOsGuQ0yDfSPTNxztmVJd8W2mX++c4FfLpAwxuJe183mLuKf7qKCHQs5ZnBQ==",
      "optional": true
    },
    "esbuild-linux-ppc64le": {
      "version": "0.14.22",
      "resolved": "https://registry.npmmirror.com/esbuild-linux-ppc64le/-/esbuild-linux-ppc64le-0.14.22.tgz",
      "integrity": "sha512-6t/GI9I+3o1EFm2AyN9+TsjdgWCpg2nwniEhjm2qJWtJyJ5VzTXGUU3alCO3evopu8G0hN2Bu1Jhz2YmZD0kng==",
      "optional": true
    },
    "esbuild-linux-riscv64": {
      "version": "0.14.22",
      "resolved": "https://registry.npmmirror.com/esbuild-linux-riscv64/-/esbuild-linux-riscv64-0.14.22.tgz",
      "integrity": "sha512-AyJHipZKe88sc+tp5layovquw5cvz45QXw5SaDgAq2M911wLHiCvDtf/07oDx8eweCyzYzG5Y39Ih568amMTCQ==",
      "optional": true
    },
    "esbuild-linux-s390x": {
      "version": "0.14.22",
      "resolved": "https://registry.npmmirror.com/esbuild-linux-s390x/-/esbuild-linux-s390x-0.14.22.tgz",
      "integrity": "sha512-Sz1NjZewTIXSblQDZWEFZYjOK6p8tV6hrshYdXZ0NHTjWE+lwxpOpWeElUGtEmiPcMT71FiuA9ODplqzzSxkzw==",
      "optional": true
    },
    "esbuild-netbsd-64": {
      "version": "0.14.22",
      "resolved": "https://registry.npmmirror.com/esbuild-netbsd-64/-/esbuild-netbsd-64-0.14.22.tgz",
      "integrity": "sha512-TBbCtx+k32xydImsHxvFgsOCuFqCTGIxhzRNbgSL1Z2CKhzxwT92kQMhxort9N/fZM2CkRCPPs5wzQSamtzEHA==",
      "optional": true
    },
    "esbuild-openbsd-64": {
      "version": "0.14.22",
      "resolved": "https://registry.npmmirror.com/esbuild-openbsd-64/-/esbuild-openbsd-64-0.14.22.tgz",
      "integrity": "sha512-vK912As725haT313ANZZZN+0EysEEQXWC/+YE4rQvOQzLuxAQc2tjbzlAFREx3C8+uMuZj/q7E5gyVB7TzpcTA==",
      "optional": true
    },
    "esbuild-sunos-64": {
      "version": "0.14.22",
      "resolved": "https://registry.npmmirror.com/esbuild-sunos-64/-/esbuild-sunos-64-0.14.22.tgz",
      "integrity": "sha512-/mbJdXTW7MTcsPhtfDsDyPEOju9EOABvCjeUU2OJ7fWpX/Em/H3WYDa86tzLUbcVg++BScQDzqV/7RYw5XNY0g==",
      "optional": true
    },
    "esbuild-windows-32": {
      "version": "0.14.22",
      "resolved": "https://registry.npmmirror.com/esbuild-windows-32/-/esbuild-windows-32-0.14.22.tgz",
      "integrity": "sha512-1vRIkuvPTjeSVK3diVrnMLSbkuE36jxA+8zGLUOrT4bb7E/JZvDRhvtbWXWaveUc/7LbhaNFhHNvfPuSw2QOQg==",
      "optional": true
    },
    "esbuild-windows-64": {
      "version": "0.14.22",
      "resolved": "https://registry.npmmirror.com/esbuild-windows-64/-/esbuild-windows-64-0.14.22.tgz",
      "integrity": "sha512-AxjIDcOmx17vr31C5hp20HIwz1MymtMjKqX4qL6whPj0dT9lwxPexmLj6G1CpR3vFhui6m75EnBEe4QL82SYqw==",
      "optional": true
    },
    "esbuild-windows-arm64": {
      "version": "0.14.22",
      "resolved": "https://registry.npmmirror.com/esbuild-windows-arm64/-/esbuild-windows-arm64-0.14.22.tgz",
      "integrity": "sha512-5wvQ+39tHmRhNpu2Fx04l7QfeK3mQ9tKzDqqGR8n/4WUxsFxnVLfDRBGirIfk4AfWlxk60kqirlODPoT5LqMUg==",
      "optional": true
    },
    "immediate": {
      "version": "3.0.6",
      "resolved": "https://registry.npmmirror.com/immediate/-/immediate-3.0.6.tgz",
      "integrity": "sha512-XXOFtyqDjNDAQxVfYxuF7g9Il/IbWmmlQg2MYKOH8ExIT1qg6xc4zyS3HaEEATgs1btfzxq15ciUiY7gjSXRGQ=="
    },
    "inherits": {
      "version": "2.0.4",
      "resolved": "https://registry.npmmirror.com/inherits/-/inherits-2.0.4.tgz",
      "integrity": "sha512-k/vGaX4/Yla3WzyMCvTQOXYeIHvqOKtnqBduzTHpzpQZzAskKMhZ2K+EnBiSM9zGSoIFeMpXKxa4dYeZIQqewQ=="
    },
    "isarray": {
      "version": "1.0.0",
      "resolved": "https://registry.npmmirror.com/isarray/-/isarray-1.0.0.tgz",
      "integrity": "sha512-VLghIWNM6ELQzo7zwmcg0NmTVyWKYjvIeM83yjp0wRDTmUnrM678fQbcKBo6n2CJEF0szoG//ytg+TKla89ALQ=="
    },
    "jszip": {
      "version": "3.7.1",
      "resolved": "https://registry.npmmirror.com/jszip/-/jszip-3.7.1.tgz",
      "integrity": "sha512-ghL0tz1XG9ZEmRMcEN2vt7xabrDdqHHeykgARpmZ0BiIctWxM47Vt63ZO2dnp4QYt/xJVLLy5Zv1l/xRdh2byg==",
      "requires": {
        "lie": "~3.3.0",
        "pako": "~1.0.2",
        "readable-stream": "~2.3.6",
        "set-immediate-shim": "~1.0.1"
      }
    },
    "lie": {
      "version": "3.3.0",
      "resolved": "https://registry.npmmirror.com/lie/-/lie-3.3.0.tgz",
      "integrity": "sha512-UaiMJzeWRlEujzAuw5LokY1L5ecNQYZKfmyZ9L7wDHb/p5etKaxXhohBcrw0EYby+G/NA52vRSN4N39dxHAIwQ==",
      "requires": {
        "immediate": "~3.0.5"
      }
    },
    "pako": {
      "version": "1.0.11",
      "resolved": "https://registry.npmmirror.com/pako/-/pako-1.0.11.tgz",
      "integrity": "sha512-4hLB8Py4zZce5s4yd9XzopqwVv/yGNhV1Bl8NTmCq1763HeK2+EwVTv+leGeL13Dnh2wfbqowVPXCIO0z4taYw=="
    },
    "process-nextick-args": {
      "version": "2.0.1",
      "resolved": "https://registry.npmmirror.com/process-nextick-args/-/process-nextick-args-2.0.1.tgz",
      "integrity": "sha512-3ouUOpQhtgrbOa17J7+uxOTpITYWaGP7/AhoR3+A+/1e9skrzelGi/dXzEYyvbxubEF6Wn2ypscTKiKJFFn1ag=="
    },
    "readable-stream": {
      "version": "2.3.7",
      "resolved": "https://registry.npmmirror.com/readable-stream/-/readable-stream-2.3.7.tgz",
      "integrity": "sha512-Ebho8K4jIbHAxnuxi7o42OrZgF/ZTNcsZj6nRKyUmkhLFq8CHItp/fy6hQZuZmP/n3yZ9VBUbp4zz/mX8hmYPw==",
      "requires": {
        "core-util-is": "~1.0.0",
        "inherits": "~2.0.3",
        "isarray": "~1.0.0",
        "process-nextick-args": "~2.0.0",
        "safe-buffer": "~5.1.1",
        "string_decoder": "~1.1.1",
        "util-deprecate": "~1.0.1"
      }
    },
    "safe-buffer": {
      "version": "5.1.2",
      "resolved": "https://registry.npmmirror.com/safe-buffer/-/safe-buffer-5.1.2.tgz",
      "integrity": "sha512-Gd2UZBJDkXlY7GbJxfsE8/nvKkUEU1G38c1siN6QP6a9PT9MmHB8GnpscSmMJSoF8LOIrt8ud/wPtojys4G6+g=="
    },
    "set-immediate-shim": {
      "version": "1.0.1",
      "resolved": "https://registry.npmmirror.com/set-immediate-shim/-/set-immediate-shim-1.0.1.tgz",
      "integrity": "sha512-Li5AOqrZWCVA2n5kryzEmqai6bKSIvpz5oUJHPVj6+dsbD3X1ixtsY5tEnsaNpH3pFAHmG8eIHUrtEtohrg+UQ=="
    },
    "string_decoder": {
      "version": "1.1.1",
      "resolved": "https://registry.npmmirror.com/string_decoder/-/string_decoder-1.1.1.tgz",
      "integrity": "sha512-n/ShnvDi6FHbbVfviro+WojiFzv+s8MPMHBczVePfUpDJLwoLT0ht1l4YwBCbi8pJAveEEdnkHyPyTP/mzRfwg==",
      "requires": {
        "safe-buffer": "~5.1.0"
      }
    },
    "util-deprecate": {
      "version": "1.0.2",
      "resolved": "https://registry.npmmirror.com/util-deprecate/-/util-deprecate-1.0.2.tgz",
      "integrity": "sha512-EPD5q1uXyFxJpCrLnCc1nHnq3gOa6DZBocAIiI2TaSCA7VCJ1UJDMagCzIkXNsUYfD1daK//LTEQ8xiIbrHtcw=="
    }
  }
}
